// !$*UTF8*$!
{
	archiveVersion = 1;
	classes = {
	};
	objectVersion = 56;
	objects = {

/* Begin PBXBuildFile section */
		ABC5E16C2C31F5AF002B4068 /* iOS_FakeNFT_ExtendedApp.swift in Sources */ = {isa = PBXBuildFile; fileRef = ABC5E16B2C31F5AF002B4068 /* iOS_FakeNFT_ExtendedApp.swift */; };
		ABC5E16E2C31F5AF002B4068 /* ContentView.swift in Sources */ = {isa = PBXBuildFile; fileRef = ABC5E16D2C31F5AF002B4068 /* ContentView.swift */; };
		ABC5E1702C31F5AF002B4068 /* Assets.xcassets in Resources */ = {isa = PBXBuildFile; fileRef = ABC5E16F2C31F5AF002B4068 /* Assets.xcassets */; };
		ABC5E1732C31F5AF002B4068 /* Preview Assets.xcassets in Resources */ = {isa = PBXBuildFile; fileRef = ABC5E1722C31F5AF002B4068 /* Preview Assets.xcassets */; };
		ABC5E17D2C31F5B0002B4068 /* iOS_FakeNFT_ExtendedTests.swift in Sources */ = {isa = PBXBuildFile; fileRef = ABC5E17C2C31F5B0002B4068 /* iOS_FakeNFT_ExtendedTests.swift */; };
		ABC5E1872C31F5B0002B4068 /* iOS_FakeNFT_ExtendedUITests.swift in Sources */ = {isa = PBXBuildFile; fileRef = ABC5E1862C31F5B0002B4068 /* iOS_FakeNFT_ExtendedUITests.swift */; };
		ABC5E1972C31F656002B4068 /* Colors.swift in Sources */ = {isa = PBXBuildFile; fileRef = ABC5E1962C31F656002B4068 /* Colors.swift */; };
		ABC5E1992C31F666002B4068 /* Fonts.swift in Sources */ = {isa = PBXBuildFile; fileRef = ABC5E1982C31F666002B4068 /* Fonts.swift */; };
		ABC5E19D2C31F6A6002B4068 /* NftStorage.swift in Sources */ = {isa = PBXBuildFile; fileRef = ABC5E19C2C31F6A6002B4068 /* NftStorage.swift */; };
		ABC5E1A12C31F6D7002B4068 /* Nft.swift in Sources */ = {isa = PBXBuildFile; fileRef = ABC5E1A02C31F6D7002B4068 /* Nft.swift */; };
		ABC5E1A42C31F800002B4068 /* NetworkClient.swift in Sources */ = {isa = PBXBuildFile; fileRef = ABC5E1A32C31F800002B4068 /* NetworkClient.swift */; };
		ABC5E1A62C31F815002B4068 /* NetworkRequest.swift in Sources */ = {isa = PBXBuildFile; fileRef = ABC5E1A52C31F815002B4068 /* NetworkRequest.swift */; };
		ABC5E1A82C31FA90002B4068 /* DateFormatters+Presets.swift in Sources */ = {isa = PBXBuildFile; fileRef = ABC5E1A72C31FA90002B4068 /* DateFormatters+Presets.swift */; };
		ABC5E1AB2C31FACD002B4068 /* NftService.swift in Sources */ = {isa = PBXBuildFile; fileRef = ABC5E1AA2C31FACD002B4068 /* NftService.swift */; };
		ABC5E1AE2C31FB7F002B4068 /* NftByIdRequest.swift in Sources */ = {isa = PBXBuildFile; fileRef = ABC5E1AD2C31FB7F002B4068 /* NftByIdRequest.swift */; };
		ABC5E1B02C31FB90002B4068 /* RequestConstants.swift in Sources */ = {isa = PBXBuildFile; fileRef = ABC5E1AF2C31FB90002B4068 /* RequestConstants.swift */; };
		ABC5E1B22C31FBD4002B4068 /* ExampleRequest.swift in Sources */ = {isa = PBXBuildFile; fileRef = ABC5E1B12C31FBD4002B4068 /* ExampleRequest.swift */; };
		ABC5E1B52C31FC57002B4068 /* TabBarView.swift in Sources */ = {isa = PBXBuildFile; fileRef = ABC5E1B42C31FC57002B4068 /* TabBarView.swift */; };
		ABC5E1B72C31FC70002B4068 /* ServicesAssembly.swift in Sources */ = {isa = PBXBuildFile; fileRef = ABC5E1B62C31FC70002B4068 /* ServicesAssembly.swift */; };
		ABC5E1B92C31FD51002B4068 /* NftCatalogView.swift in Sources */ = {isa = PBXBuildFile; fileRef = ABC5E1B82C31FD51002B4068 /* NftCatalogView.swift */; };
		ABC5E1CB2C3203FC002B4068 /* NftDetailCellModel.swift in Sources */ = {isa = PBXBuildFile; fileRef = ABC5E1CA2C3203FC002B4068 /* NftDetailCellModel.swift */; };
		ABC5E1CD2C32040C002B4068 /* NftImageCollectionViewCell.swift in Sources */ = {isa = PBXBuildFile; fileRef = ABC5E1CC2C32040C002B4068 /* NftImageCollectionViewCell.swift */; };
		ABC5E1CF2C32041D002B4068 /* NftDetailViewController.swift in Sources */ = {isa = PBXBuildFile; fileRef = ABC5E1CE2C32041D002B4068 /* NftDetailViewController.swift */; };
		ABC5E1D12C32042C002B4068 /* NftDetailPresenter.swift in Sources */ = {isa = PBXBuildFile; fileRef = ABC5E1D02C32042C002B4068 /* NftDetailPresenter.swift */; };
		ABC5E1D32C320438002B4068 /* NftDetailAssembly.swift in Sources */ = {isa = PBXBuildFile; fileRef = ABC5E1D22C320438002B4068 /* NftDetailAssembly.swift */; };
		ABC5E1D52C320446002B4068 /* NftDetailInput.swift in Sources */ = {isa = PBXBuildFile; fileRef = ABC5E1D42C320446002B4068 /* NftDetailInput.swift */; };
		ABC5E1D82C3204A9002B4068 /* Kingfisher in Frameworks */ = {isa = PBXBuildFile; productRef = ABC5E1D72C3204A9002B4068 /* Kingfisher */; };
		ABC5E1DB2C3204CE002B4068 /* UIView+Constraints.swift in Sources */ = {isa = PBXBuildFile; fileRef = ABC5E1DA2C3204CE002B4068 /* UIView+Constraints.swift */; };
		ABC5E1DD2C3204DC002B4068 /* CellsReusingUtils.swift in Sources */ = {isa = PBXBuildFile; fileRef = ABC5E1DC2C3204DC002B4068 /* CellsReusingUtils.swift */; };
		ABC5E1DF2C3204FB002B4068 /* LoadingView.swift in Sources */ = {isa = PBXBuildFile; fileRef = ABC5E1DE2C3204FB002B4068 /* LoadingView.swift */; };
		ABC5E1E22C320535002B4068 /* ProgressHUD in Frameworks */ = {isa = PBXBuildFile; productRef = ABC5E1E12C320535002B4068 /* ProgressHUD */; };
		ABC5E1E42C32055B002B4068 /* ErrorView.swift in Sources */ = {isa = PBXBuildFile; fileRef = ABC5E1E32C32055B002B4068 /* ErrorView.swift */; };
		ABC5E1E62C320585002B4068 /* LinePageControl.swift in Sources */ = {isa = PBXBuildFile; fileRef = ABC5E1E52C320585002B4068 /* LinePageControl.swift */; };
		ABC5E1E82C320610002B4068 /* NftDetailBridgeView.swift in Sources */ = {isa = PBXBuildFile; fileRef = ABC5E1E72C320610002B4068 /* NftDetailBridgeView.swift */; };
		AC14A9202E74303F003B7FB1 /* NftCollectionRequest.swift in Sources */ = {isa = PBXBuildFile; fileRef = AC14A91F2E743037003B7FB1 /* NftCollectionRequest.swift */; };
		AC14A9222E743069003B7FB1 /* NftCollectionsRequest.swift in Sources */ = {isa = PBXBuildFile; fileRef = AC14A9212E74305D003B7FB1 /* NftCollectionsRequest.swift */; };
		AC14A9252E743090003B7FB1 /* NftCollectionsService.swift in Sources */ = {isa = PBXBuildFile; fileRef = AC14A9242E743088003B7FB1 /* NftCollectionsService.swift */; };
		AC14A9272E7430D5003B7FB1 /* NftCollectionsStorage.swift in Sources */ = {isa = PBXBuildFile; fileRef = AC14A9262E7430CE003B7FB1 /* NftCollectionsStorage.swift */; };
		AC14A9292E7548FE003B7FB1 /* SkeletonView.swift in Sources */ = {isa = PBXBuildFile; fileRef = AC14A9282E7548FE003B7FB1 /* SkeletonView.swift */; };
		AC430A562E794FB7004210F9 /* NftCollectionsSortType.swift in Sources */ = {isa = PBXBuildFile; fileRef = AC430A552E794FB1004210F9 /* NftCollectionsSortType.swift */; };
		AC6CAE542E77CC04007CFD8D /* NftCollectionView.swift in Sources */ = {isa = PBXBuildFile; fileRef = AC95CAD72E74094A00C00663 /* NftCollectionView.swift */; };
		AC6CAE5A2E77DFB1007CFD8D /* StarRatingView.swift in Sources */ = {isa = PBXBuildFile; fileRef = AC6CAE592E77DFB1007CFD8D /* StarRatingView.swift */; };
		AC6CAE5D2E77E3BB007CFD8D /* NftCardView.swift in Sources */ = {isa = PBXBuildFile; fileRef = AC6CAE5C2E77E3BB007CFD8D /* NftCardView.swift */; };
		AC6CAE5F2E77F73E007CFD8D /* NftGridView.swift in Sources */ = {isa = PBXBuildFile; fileRef = AC6CAE5E2E77F73E007CFD8D /* NftGridView.swift */; };
		AC6CAE622E77FA6D007CFD8D /* Nft+Mock.swift in Sources */ = {isa = PBXBuildFile; fileRef = AC6CAE612E77FA68007CFD8D /* Nft+Mock.swift */; };
		AC6CAE642E780497007CFD8D /* BackButton.swift in Sources */ = {isa = PBXBuildFile; fileRef = AC6CAE632E780497007CFD8D /* BackButton.swift */; };
		AC6CAE672E7807BC007CFD8D /* NftCollectionViewModel.swift in Sources */ = {isa = PBXBuildFile; fileRef = AC6CAE662E7807B1007CFD8D /* NftCollectionViewModel.swift */; };
		AC6CAE692E780815007CFD8D /* NftCollectionState.swift in Sources */ = {isa = PBXBuildFile; fileRef = AC6CAE682E78080D007CFD8D /* NftCollectionState.swift */; };
		AC6CAE6D2E7811BD007CFD8D /* ErrorSideView.swift in Sources */ = {isa = PBXBuildFile; fileRef = AC6CAE6C2E7811BD007CFD8D /* ErrorSideView.swift */; };
		AC6CAE702E7830B7007CFD8D /* WebView.swift in Sources */ = {isa = PBXBuildFile; fileRef = AC6CAE6F2E7830B7007CFD8D /* WebView.swift */; };
		AC6CAE722E783EFB007CFD8D /* WebViewBridge.swift in Sources */ = {isa = PBXBuildFile; fileRef = AC6CAE712E783EFB007CFD8D /* WebViewBridge.swift */; };
		ACA258BB2E6EB7A00089C3A7 /* NftCollection.swift in Sources */ = {isa = PBXBuildFile; fileRef = ACA258BA2E6EB79B0089C3A7 /* NftCollection.swift */; };
		ACA258BE2E6EBC070089C3A7 /* SortButton.swift in Sources */ = {isa = PBXBuildFile; fileRef = ACA258BD2E6EBC070089C3A7 /* SortButton.swift */; };
		ACA258C12E6EBE950089C3A7 /* NftCatalogRowView.swift in Sources */ = {isa = PBXBuildFile; fileRef = ACA258C02E6EBE950089C3A7 /* NftCatalogRowView.swift */; };
		ACBD8E162E7A668500F386BB /* GetNftOrdersRequest.swift in Sources */ = {isa = PBXBuildFile; fileRef = ACBD8E152E7A666A00F386BB /* GetNftOrdersRequest.swift */; };
		ACBD8E182E7A670400F386BB /* PutNftOrdersRequest.swift in Sources */ = {isa = PBXBuildFile; fileRef = ACBD8E172E7A66FF00F386BB /* PutNftOrdersRequest.swift */; };
		ACBD8E1A2E7A67AA00F386BB /* NftOrdersService.swift in Sources */ = {isa = PBXBuildFile; fileRef = ACBD8E192E7A679000F386BB /* NftOrdersService.swift */; };
		ACBD8E1C2E7A67F800F386BB /* NftPrdersServiceProtocol.swift in Sources */ = {isa = PBXBuildFile; fileRef = ACBD8E1B2E7A67ED00F386BB /* NftPrdersServiceProtocol.swift */; };
		ACBD8E1E2E7A6C8C00F386BB /* Nft+Ext.swift in Sources */ = {isa = PBXBuildFile; fileRef = ACBD8E1D2E7A6C8600F386BB /* Nft+Ext.swift */; };
		ACBD8E202E7A8EE000F386BB /* Order.swift in Sources */ = {isa = PBXBuildFile; fileRef = ACBD8E1F2E7A8EDD00F386BB /* Order.swift */; };
		ACBD8E222E7A9DB100F386BB /* PutProfileRequest.swift in Sources */ = {isa = PBXBuildFile; fileRef = ACBD8E212E7A9DA800F386BB /* PutProfileRequest.swift */; };
		ACBD8E242E7A9DBB00F386BB /* GetProfileRequest.swift in Sources */ = {isa = PBXBuildFile; fileRef = ACBD8E232E7A9DB600F386BB /* GetProfileRequest.swift */; };
		ACBD8E262E7A9E4E00F386BB /* ProfileService.swift in Sources */ = {isa = PBXBuildFile; fileRef = ACBD8E252E7A9E4700F386BB /* ProfileService.swift */; };
		ACBD8E282E7A9E6A00F386BB /* ProfileServiceProtocol.swift in Sources */ = {isa = PBXBuildFile; fileRef = ACBD8E272E7A9E6800F386BB /* ProfileServiceProtocol.swift */; };
		ACBD8E2A2E7A9E8E00F386BB /* Profile.swift in Sources */ = {isa = PBXBuildFile; fileRef = ACBD8E292E7A9E8C00F386BB /* Profile.swift */; };
		ACCB4E9E2E73D44F008A46BE /* Images.swift in Sources */ = {isa = PBXBuildFile; fileRef = ACCB4E9D2E73D44A008A46BE /* Images.swift */; };
		ACCB4EA52E73D943008A46BE /* CustomProgressView.swift in Sources */ = {isa = PBXBuildFile; fileRef = ACCB4EA42E73D943008A46BE /* CustomProgressView.swift */; };
		ACCB4EA72E73DB6D008A46BE /* Localizable.xcstrings in Resources */ = {isa = PBXBuildFile; fileRef = ACCB4EA62E73DB6D008A46BE /* Localizable.xcstrings */; };
		ACCD4AEB2E77BA0500503C69 /* NftCollectionsProtocol.swift in Sources */ = {isa = PBXBuildFile; fileRef = ACCD4AEA2E77B9FC00503C69 /* NftCollectionsProtocol.swift */; };
		ACCD4AED2E77BA4A00503C69 /* NftCollectionsServiceProtocol.swift in Sources */ = {isa = PBXBuildFile; fileRef = ACCD4AEC2E77BA4100503C69 /* NftCollectionsServiceProtocol.swift */; };
		ACCD4AF32E77BC8A00503C69 /* NftCollection+Mock.swift in Sources */ = {isa = PBXBuildFile; fileRef = ACCD4AF22E77BC7C00503C69 /* NftCollection+Mock.swift */; };
		ACCD4AF52E77BDD900503C69 /* NftCatalogViewModel.swift in Sources */ = {isa = PBXBuildFile; fileRef = ACCD4AF42E77BDD900503C69 /* NftCatalogViewModel.swift */; };
		ACCD4AF72E77BF6900503C69 /* NftCatalogState.swift in Sources */ = {isa = PBXBuildFile; fileRef = ACCD4AF62E77BF6100503C69 /* NftCatalogState.swift */; };
		ACCD4AF92E77C32D00503C69 /* NftCatalogState+isFailed.swift in Sources */ = {isa = PBXBuildFile; fileRef = ACCD4AF82E77C30800503C69 /* NftCatalogState+isFailed.swift */; };
/* End PBXBuildFile section */

/* Begin PBXContainerItemProxy section */
		ABC5E1792C31F5B0002B4068 /* PBXContainerItemProxy */ = {
			isa = PBXContainerItemProxy;
			containerPortal = ABC5E1602C31F5AF002B4068 /* Project object */;
			proxyType = 1;
			remoteGlobalIDString = ABC5E1672C31F5AF002B4068;
			remoteInfo = "iOS-FakeNFT-Extended";
		};
		ABC5E1832C31F5B0002B4068 /* PBXContainerItemProxy */ = {
			isa = PBXContainerItemProxy;
			containerPortal = ABC5E1602C31F5AF002B4068 /* Project object */;
			proxyType = 1;
			remoteGlobalIDString = ABC5E1672C31F5AF002B4068;
			remoteInfo = "iOS-FakeNFT-Extended";
		};
/* End PBXContainerItemProxy section */

/* Begin PBXFileReference section */
		ABC5E1682C31F5AF002B4068 /* iOS-FakeNFT-Extended.app */ = {isa = PBXFileReference; explicitFileType = wrapper.application; includeInIndex = 0; path = "iOS-FakeNFT-Extended.app"; sourceTree = BUILT_PRODUCTS_DIR; };
		ABC5E16B2C31F5AF002B4068 /* iOS_FakeNFT_ExtendedApp.swift */ = {isa = PBXFileReference; lastKnownFileType = sourcecode.swift; path = iOS_FakeNFT_ExtendedApp.swift; sourceTree = "<group>"; };
		ABC5E16D2C31F5AF002B4068 /* ContentView.swift */ = {isa = PBXFileReference; lastKnownFileType = sourcecode.swift; path = ContentView.swift; sourceTree = "<group>"; };
		ABC5E16F2C31F5AF002B4068 /* Assets.xcassets */ = {isa = PBXFileReference; lastKnownFileType = folder.assetcatalog; path = Assets.xcassets; sourceTree = "<group>"; };
		ABC5E1722C31F5AF002B4068 /* Preview Assets.xcassets */ = {isa = PBXFileReference; lastKnownFileType = folder.assetcatalog; path = "Preview Assets.xcassets"; sourceTree = "<group>"; };
		ABC5E1782C31F5B0002B4068 /* iOS-FakeNFT-ExtendedTests.xctest */ = {isa = PBXFileReference; explicitFileType = wrapper.cfbundle; includeInIndex = 0; path = "iOS-FakeNFT-ExtendedTests.xctest"; sourceTree = BUILT_PRODUCTS_DIR; };
		ABC5E17C2C31F5B0002B4068 /* iOS_FakeNFT_ExtendedTests.swift */ = {isa = PBXFileReference; lastKnownFileType = sourcecode.swift; path = iOS_FakeNFT_ExtendedTests.swift; sourceTree = "<group>"; };
		ABC5E1822C31F5B0002B4068 /* iOS-FakeNFT-ExtendedUITests.xctest */ = {isa = PBXFileReference; explicitFileType = wrapper.cfbundle; includeInIndex = 0; path = "iOS-FakeNFT-ExtendedUITests.xctest"; sourceTree = BUILT_PRODUCTS_DIR; };
		ABC5E1862C31F5B0002B4068 /* iOS_FakeNFT_ExtendedUITests.swift */ = {isa = PBXFileReference; lastKnownFileType = sourcecode.swift; path = iOS_FakeNFT_ExtendedUITests.swift; sourceTree = "<group>"; };
		ABC5E1962C31F656002B4068 /* Colors.swift */ = {isa = PBXFileReference; lastKnownFileType = sourcecode.swift; path = Colors.swift; sourceTree = "<group>"; };
		ABC5E1982C31F666002B4068 /* Fonts.swift */ = {isa = PBXFileReference; lastKnownFileType = sourcecode.swift; path = Fonts.swift; sourceTree = "<group>"; };
		ABC5E19C2C31F6A6002B4068 /* NftStorage.swift */ = {isa = PBXFileReference; lastKnownFileType = sourcecode.swift; path = NftStorage.swift; sourceTree = "<group>"; };
		ABC5E1A02C31F6D7002B4068 /* Nft.swift */ = {isa = PBXFileReference; lastKnownFileType = sourcecode.swift; path = Nft.swift; sourceTree = "<group>"; };
		ABC5E1A32C31F800002B4068 /* NetworkClient.swift */ = {isa = PBXFileReference; lastKnownFileType = sourcecode.swift; path = NetworkClient.swift; sourceTree = "<group>"; };
		ABC5E1A52C31F815002B4068 /* NetworkRequest.swift */ = {isa = PBXFileReference; lastKnownFileType = sourcecode.swift; path = NetworkRequest.swift; sourceTree = "<group>"; };
		ABC5E1A72C31FA90002B4068 /* DateFormatters+Presets.swift */ = {isa = PBXFileReference; lastKnownFileType = sourcecode.swift; path = "DateFormatters+Presets.swift"; sourceTree = "<group>"; };
		ABC5E1AA2C31FACD002B4068 /* NftService.swift */ = {isa = PBXFileReference; lastKnownFileType = sourcecode.swift; path = NftService.swift; sourceTree = "<group>"; };
		ABC5E1AD2C31FB7F002B4068 /* NftByIdRequest.swift */ = {isa = PBXFileReference; lastKnownFileType = sourcecode.swift; path = NftByIdRequest.swift; sourceTree = "<group>"; };
		ABC5E1AF2C31FB90002B4068 /* RequestConstants.swift */ = {isa = PBXFileReference; lastKnownFileType = sourcecode.swift; path = RequestConstants.swift; sourceTree = "<group>"; };
		ABC5E1B12C31FBD4002B4068 /* ExampleRequest.swift */ = {isa = PBXFileReference; lastKnownFileType = sourcecode.swift; path = ExampleRequest.swift; sourceTree = "<group>"; };
		ABC5E1B42C31FC57002B4068 /* TabBarView.swift */ = {isa = PBXFileReference; lastKnownFileType = sourcecode.swift; path = TabBarView.swift; sourceTree = "<group>"; };
		ABC5E1B62C31FC70002B4068 /* ServicesAssembly.swift */ = {isa = PBXFileReference; lastKnownFileType = sourcecode.swift; path = ServicesAssembly.swift; sourceTree = "<group>"; };
		ABC5E1B82C31FD51002B4068 /* NftCatalogView.swift */ = {isa = PBXFileReference; lastKnownFileType = sourcecode.swift; path = NftCatalogView.swift; sourceTree = "<group>"; };
		ABC5E1CA2C3203FC002B4068 /* NftDetailCellModel.swift */ = {isa = PBXFileReference; lastKnownFileType = sourcecode.swift; path = NftDetailCellModel.swift; sourceTree = "<group>"; };
		ABC5E1CC2C32040C002B4068 /* NftImageCollectionViewCell.swift */ = {isa = PBXFileReference; lastKnownFileType = sourcecode.swift; path = NftImageCollectionViewCell.swift; sourceTree = "<group>"; };
		ABC5E1CE2C32041D002B4068 /* NftDetailViewController.swift */ = {isa = PBXFileReference; lastKnownFileType = sourcecode.swift; path = NftDetailViewController.swift; sourceTree = "<group>"; };
		ABC5E1D02C32042C002B4068 /* NftDetailPresenter.swift */ = {isa = PBXFileReference; lastKnownFileType = sourcecode.swift; path = NftDetailPresenter.swift; sourceTree = "<group>"; };
		ABC5E1D22C320438002B4068 /* NftDetailAssembly.swift */ = {isa = PBXFileReference; lastKnownFileType = sourcecode.swift; path = NftDetailAssembly.swift; sourceTree = "<group>"; };
		ABC5E1D42C320446002B4068 /* NftDetailInput.swift */ = {isa = PBXFileReference; lastKnownFileType = sourcecode.swift; path = NftDetailInput.swift; sourceTree = "<group>"; };
		ABC5E1DA2C3204CE002B4068 /* UIView+Constraints.swift */ = {isa = PBXFileReference; lastKnownFileType = sourcecode.swift; path = "UIView+Constraints.swift"; sourceTree = "<group>"; };
		ABC5E1DC2C3204DC002B4068 /* CellsReusingUtils.swift */ = {isa = PBXFileReference; lastKnownFileType = sourcecode.swift; path = CellsReusingUtils.swift; sourceTree = "<group>"; };
		ABC5E1DE2C3204FB002B4068 /* LoadingView.swift */ = {isa = PBXFileReference; lastKnownFileType = sourcecode.swift; path = LoadingView.swift; sourceTree = "<group>"; };
		ABC5E1E32C32055B002B4068 /* ErrorView.swift */ = {isa = PBXFileReference; lastKnownFileType = sourcecode.swift; path = ErrorView.swift; sourceTree = "<group>"; };
		ABC5E1E52C320585002B4068 /* LinePageControl.swift */ = {isa = PBXFileReference; lastKnownFileType = sourcecode.swift; path = LinePageControl.swift; sourceTree = "<group>"; };
		ABC5E1E72C320610002B4068 /* NftDetailBridgeView.swift */ = {isa = PBXFileReference; lastKnownFileType = sourcecode.swift; path = NftDetailBridgeView.swift; sourceTree = "<group>"; };
		AC006C372E73E6CA00480194 /* Info.plist */ = {isa = PBXFileReference; lastKnownFileType = text.plist.xml; path = Info.plist; sourceTree = "<group>"; };
		AC14A91F2E743037003B7FB1 /* NftCollectionRequest.swift */ = {isa = PBXFileReference; lastKnownFileType = sourcecode.swift; path = NftCollectionRequest.swift; sourceTree = "<group>"; };
		AC14A9212E74305D003B7FB1 /* NftCollectionsRequest.swift */ = {isa = PBXFileReference; lastKnownFileType = sourcecode.swift; path = NftCollectionsRequest.swift; sourceTree = "<group>"; };
		AC14A9242E743088003B7FB1 /* NftCollectionsService.swift */ = {isa = PBXFileReference; lastKnownFileType = sourcecode.swift; path = NftCollectionsService.swift; sourceTree = "<group>"; };
		AC14A9262E7430CE003B7FB1 /* NftCollectionsStorage.swift */ = {isa = PBXFileReference; lastKnownFileType = sourcecode.swift; path = NftCollectionsStorage.swift; sourceTree = "<group>"; };
		AC14A9282E7548FE003B7FB1 /* SkeletonView.swift */ = {isa = PBXFileReference; lastKnownFileType = sourcecode.swift; path = SkeletonView.swift; sourceTree = "<group>"; };
		AC430A552E794FB1004210F9 /* NftCollectionsSortType.swift */ = {isa = PBXFileReference; lastKnownFileType = sourcecode.swift; path = NftCollectionsSortType.swift; sourceTree = "<group>"; };
		AC6CAE592E77DFB1007CFD8D /* StarRatingView.swift */ = {isa = PBXFileReference; lastKnownFileType = sourcecode.swift; path = StarRatingView.swift; sourceTree = "<group>"; };
		AC6CAE5C2E77E3BB007CFD8D /* NftCardView.swift */ = {isa = PBXFileReference; lastKnownFileType = sourcecode.swift; path = NftCardView.swift; sourceTree = "<group>"; };
		AC6CAE5E2E77F73E007CFD8D /* NftGridView.swift */ = {isa = PBXFileReference; lastKnownFileType = sourcecode.swift; path = NftGridView.swift; sourceTree = "<group>"; };
		AC6CAE612E77FA68007CFD8D /* Nft+Mock.swift */ = {isa = PBXFileReference; lastKnownFileType = sourcecode.swift; path = "Nft+Mock.swift"; sourceTree = "<group>"; };
		AC6CAE632E780497007CFD8D /* BackButton.swift */ = {isa = PBXFileReference; lastKnownFileType = sourcecode.swift; path = BackButton.swift; sourceTree = "<group>"; };
		AC6CAE662E7807B1007CFD8D /* NftCollectionViewModel.swift */ = {isa = PBXFileReference; lastKnownFileType = sourcecode.swift; path = NftCollectionViewModel.swift; sourceTree = "<group>"; };
		AC6CAE682E78080D007CFD8D /* NftCollectionState.swift */ = {isa = PBXFileReference; lastKnownFileType = sourcecode.swift; path = NftCollectionState.swift; sourceTree = "<group>"; };
		AC6CAE6C2E7811BD007CFD8D /* ErrorSideView.swift */ = {isa = PBXFileReference; lastKnownFileType = sourcecode.swift; path = ErrorSideView.swift; sourceTree = "<group>"; };
		AC6CAE6F2E7830B7007CFD8D /* WebView.swift */ = {isa = PBXFileReference; lastKnownFileType = sourcecode.swift; path = WebView.swift; sourceTree = "<group>"; };
		AC6CAE712E783EFB007CFD8D /* WebViewBridge.swift */ = {isa = PBXFileReference; lastKnownFileType = sourcecode.swift; path = WebViewBridge.swift; sourceTree = "<group>"; };
		AC95CAD72E74094A00C00663 /* NftCollectionView.swift */ = {isa = PBXFileReference; lastKnownFileType = sourcecode.swift; path = NftCollectionView.swift; sourceTree = "<group>"; };
		ACA258BA2E6EB79B0089C3A7 /* NftCollection.swift */ = {isa = PBXFileReference; lastKnownFileType = sourcecode.swift; path = NftCollection.swift; sourceTree = "<group>"; };
		ACA258BD2E6EBC070089C3A7 /* SortButton.swift */ = {isa = PBXFileReference; lastKnownFileType = sourcecode.swift; path = SortButton.swift; sourceTree = "<group>"; };
		ACA258C02E6EBE950089C3A7 /* NftCatalogRowView.swift */ = {isa = PBXFileReference; lastKnownFileType = sourcecode.swift; path = NftCatalogRowView.swift; sourceTree = "<group>"; };
		ACBD8E152E7A666A00F386BB /* GetNftOrdersRequest.swift */ = {isa = PBXFileReference; lastKnownFileType = sourcecode.swift; path = GetNftOrdersRequest.swift; sourceTree = "<group>"; };
		ACBD8E172E7A66FF00F386BB /* PutNftOrdersRequest.swift */ = {isa = PBXFileReference; lastKnownFileType = sourcecode.swift; path = PutNftOrdersRequest.swift; sourceTree = "<group>"; };
		ACBD8E192E7A679000F386BB /* NftOrdersService.swift */ = {isa = PBXFileReference; lastKnownFileType = sourcecode.swift; path = NftOrdersService.swift; sourceTree = "<group>"; };
		ACBD8E1B2E7A67ED00F386BB /* NftPrdersServiceProtocol.swift */ = {isa = PBXFileReference; lastKnownFileType = sourcecode.swift; path = NftPrdersServiceProtocol.swift; sourceTree = "<group>"; };
		ACBD8E1D2E7A6C8600F386BB /* Nft+Ext.swift */ = {isa = PBXFileReference; lastKnownFileType = sourcecode.swift; path = "Nft+Ext.swift"; sourceTree = "<group>"; };
		ACBD8E1F2E7A8EDD00F386BB /* Order.swift */ = {isa = PBXFileReference; lastKnownFileType = sourcecode.swift; path = Order.swift; sourceTree = "<group>"; };
		ACBD8E212E7A9DA800F386BB /* PutProfileRequest.swift */ = {isa = PBXFileReference; lastKnownFileType = sourcecode.swift; path = PutProfileRequest.swift; sourceTree = "<group>"; };
		ACBD8E232E7A9DB600F386BB /* GetProfileRequest.swift */ = {isa = PBXFileReference; lastKnownFileType = sourcecode.swift; path = GetProfileRequest.swift; sourceTree = "<group>"; };
		ACBD8E252E7A9E4700F386BB /* ProfileService.swift */ = {isa = PBXFileReference; lastKnownFileType = sourcecode.swift; path = ProfileService.swift; sourceTree = "<group>"; };
		ACBD8E272E7A9E6800F386BB /* ProfileServiceProtocol.swift */ = {isa = PBXFileReference; lastKnownFileType = sourcecode.swift; path = ProfileServiceProtocol.swift; sourceTree = "<group>"; };
		ACBD8E292E7A9E8C00F386BB /* Profile.swift */ = {isa = PBXFileReference; lastKnownFileType = sourcecode.swift; path = Profile.swift; sourceTree = "<group>"; };
		ACCB4E9D2E73D44A008A46BE /* Images.swift */ = {isa = PBXFileReference; lastKnownFileType = sourcecode.swift; path = Images.swift; sourceTree = "<group>"; };
		ACCB4EA42E73D943008A46BE /* CustomProgressView.swift */ = {isa = PBXFileReference; lastKnownFileType = sourcecode.swift; path = CustomProgressView.swift; sourceTree = "<group>"; };
		ACCB4EA62E73DB6D008A46BE /* Localizable.xcstrings */ = {isa = PBXFileReference; lastKnownFileType = text.json.xcstrings; path = Localizable.xcstrings; sourceTree = "<group>"; };
		ACCD4AEA2E77B9FC00503C69 /* NftCollectionsProtocol.swift */ = {isa = PBXFileReference; lastKnownFileType = sourcecode.swift; path = NftCollectionsProtocol.swift; sourceTree = "<group>"; };
		ACCD4AEC2E77BA4100503C69 /* NftCollectionsServiceProtocol.swift */ = {isa = PBXFileReference; lastKnownFileType = sourcecode.swift; path = NftCollectionsServiceProtocol.swift; sourceTree = "<group>"; };
		ACCD4AF22E77BC7C00503C69 /* NftCollection+Mock.swift */ = {isa = PBXFileReference; lastKnownFileType = sourcecode.swift; path = "NftCollection+Mock.swift"; sourceTree = "<group>"; };
		ACCD4AF42E77BDD900503C69 /* NftCatalogViewModel.swift */ = {isa = PBXFileReference; lastKnownFileType = sourcecode.swift; path = NftCatalogViewModel.swift; sourceTree = "<group>"; };
		ACCD4AF62E77BF6100503C69 /* NftCatalogState.swift */ = {isa = PBXFileReference; lastKnownFileType = sourcecode.swift; path = NftCatalogState.swift; sourceTree = "<group>"; };
		ACCD4AF82E77C30800503C69 /* NftCatalogState+isFailed.swift */ = {isa = PBXFileReference; lastKnownFileType = sourcecode.swift; path = "NftCatalogState+isFailed.swift"; sourceTree = "<group>"; };
/* End PBXFileReference section */

/* Begin PBXFrameworksBuildPhase section */
		ABC5E1652C31F5AF002B4068 /* Frameworks */ = {
			isa = PBXFrameworksBuildPhase;
			buildActionMask = 2147483647;
			files = (
				ABC5E1D82C3204A9002B4068 /* Kingfisher in Frameworks */,
				ABC5E1E22C320535002B4068 /* ProgressHUD in Frameworks */,
			);
			runOnlyForDeploymentPostprocessing = 0;
		};
		ABC5E1752C31F5B0002B4068 /* Frameworks */ = {
			isa = PBXFrameworksBuildPhase;
			buildActionMask = 2147483647;
			files = (
			);
			runOnlyForDeploymentPostprocessing = 0;
		};
		ABC5E17F2C31F5B0002B4068 /* Frameworks */ = {
			isa = PBXFrameworksBuildPhase;
			buildActionMask = 2147483647;
			files = (
			);
			runOnlyForDeploymentPostprocessing = 0;
		};
/* End PBXFrameworksBuildPhase section */

/* Begin PBXGroup section */
		4084619F2E7484BD002E3187 /* Statistics */ = {
			isa = PBXGroup;
			children = (
			);
			path = Statistics;
			sourceTree = "<group>";
		};
		ABC5E15F2C31F5AF002B4068 = {
			isa = PBXGroup;
			children = (
				ABC5E16A2C31F5AF002B4068 /* iOS-FakeNFT-Extended */,
				ABC5E17B2C31F5B0002B4068 /* iOS-FakeNFT-ExtendedTests */,
				ABC5E1852C31F5B0002B4068 /* iOS-FakeNFT-ExtendedUITests */,
				ABC5E1692C31F5AF002B4068 /* Products */,
			);
			sourceTree = "<group>";
		};
		ABC5E1692C31F5AF002B4068 /* Products */ = {
			isa = PBXGroup;
			children = (
				ABC5E1682C31F5AF002B4068 /* iOS-FakeNFT-Extended.app */,
				ABC5E1782C31F5B0002B4068 /* iOS-FakeNFT-ExtendedTests.xctest */,
				ABC5E1822C31F5B0002B4068 /* iOS-FakeNFT-ExtendedUITests.xctest */,
			);
			name = Products;
			sourceTree = "<group>";
		};
		ABC5E16A2C31F5AF002B4068 /* iOS-FakeNFT-Extended */ = {
			isa = PBXGroup;
			children = (
				ACCB522E2E73E5F6008A46BE /* Resources */,
				ABC5E16B2C31F5AF002B4068 /* iOS_FakeNFT_ExtendedApp.swift */,
				ABC5E1952C31F64A002B4068 /* DesignSystem */,
				ABC5E19A2C31F687002B4068 /* Foundation */,
				ABC5E19E2C31F6C1002B4068 /* Models */,
				ABC5E1A92C31FABA002B4068 /* Services */,
				ABC5E1B32C31FC03002B4068 /* UI */,
				ABC5E1712C31F5AF002B4068 /* Preview Content */,
			);
			path = "iOS-FakeNFT-Extended";
			sourceTree = "<group>";
		};
		ABC5E1712C31F5AF002B4068 /* Preview Content */ = {
			isa = PBXGroup;
			children = (
				ABC5E1722C31F5AF002B4068 /* Preview Assets.xcassets */,
			);
			path = "Preview Content";
			sourceTree = "<group>";
		};
		ABC5E17B2C31F5B0002B4068 /* iOS-FakeNFT-ExtendedTests */ = {
			isa = PBXGroup;
			children = (
				ABC5E17C2C31F5B0002B4068 /* iOS_FakeNFT_ExtendedTests.swift */,
			);
			path = "iOS-FakeNFT-ExtendedTests";
			sourceTree = "<group>";
		};
		ABC5E1852C31F5B0002B4068 /* iOS-FakeNFT-ExtendedUITests */ = {
			isa = PBXGroup;
			children = (
				ABC5E1862C31F5B0002B4068 /* iOS_FakeNFT_ExtendedUITests.swift */,
			);
			path = "iOS-FakeNFT-ExtendedUITests";
			sourceTree = "<group>";
		};
		ABC5E1952C31F64A002B4068 /* DesignSystem */ = {
			isa = PBXGroup;
			children = (
				ACCB4E9D2E73D44A008A46BE /* Images.swift */,
				ABC5E1962C31F656002B4068 /* Colors.swift */,
				ABC5E1982C31F666002B4068 /* Fonts.swift */,
			);
			path = DesignSystem;
			sourceTree = "<group>";
		};
		ABC5E19A2C31F687002B4068 /* Foundation */ = {
			isa = PBXGroup;
			children = (
				ABC5E19B2C31F69C002B4068 /* MemoryStorage */,
				ABC5E1A22C31F7E8002B4068 /* NetworkClient */,
				ABC5E1A72C31FA90002B4068 /* DateFormatters+Presets.swift */,
			);
			path = Foundation;
			sourceTree = "<group>";
		};
		ABC5E19B2C31F69C002B4068 /* MemoryStorage */ = {
			isa = PBXGroup;
			children = (
				ACCD4AEA2E77B9FC00503C69 /* NftCollectionsProtocol.swift */,
				AC14A9262E7430CE003B7FB1 /* NftCollectionsStorage.swift */,
				ABC5E19C2C31F6A6002B4068 /* NftStorage.swift */,
			);
			path = MemoryStorage;
			sourceTree = "<group>";
		};
		ABC5E19E2C31F6C1002B4068 /* Models */ = {
			isa = PBXGroup;
			children = (
				ABC5E19F2C31F6CB002B4068 /* Network */,
			);
			path = Models;
			sourceTree = "<group>";
		};
		ABC5E19F2C31F6CB002B4068 /* Network */ = {
			isa = PBXGroup;
			children = (
				ACBD8E292E7A9E8C00F386BB /* Profile.swift */,
				ACA258BA2E6EB79B0089C3A7 /* NftCollection.swift */,
				ABC5E1A02C31F6D7002B4068 /* Nft.swift */,
				ACBD8E1F2E7A8EDD00F386BB /* Order.swift */,
				ACBD8E1D2E7A6C8600F386BB /* Nft+Ext.swift */,
			);
			path = Network;
			sourceTree = "<group>";
		};
		ABC5E1A22C31F7E8002B4068 /* NetworkClient */ = {
			isa = PBXGroup;
			children = (
				ABC5E1A32C31F800002B4068 /* NetworkClient.swift */,
				ABC5E1A52C31F815002B4068 /* NetworkRequest.swift */,
			);
			path = NetworkClient;
			sourceTree = "<group>";
		};
		ABC5E1A92C31FABA002B4068 /* Services */ = {
			isa = PBXGroup;
			children = (
				ABC5E1AC2C31FB6C002B4068 /* Requests */,
				ACBD8E252E7A9E4700F386BB /* ProfileService.swift */,
				ACBD8E272E7A9E6800F386BB /* ProfileServiceProtocol.swift */,
				ABC5E1AA2C31FACD002B4068 /* NftService.swift */,
				AC14A9242E743088003B7FB1 /* NftCollectionsService.swift */,
				ACCD4AEC2E77BA4100503C69 /* NftCollectionsServiceProtocol.swift */,
				ACBD8E192E7A679000F386BB /* NftOrdersService.swift */,
				ACBD8E1B2E7A67ED00F386BB /* NftPrdersServiceProtocol.swift */,
				ABC5E1B62C31FC70002B4068 /* ServicesAssembly.swift */,
			);
			path = Services;
			sourceTree = "<group>";
		};
		ABC5E1AC2C31FB6C002B4068 /* Requests */ = {
			isa = PBXGroup;
			children = (
				ACBD8E212E7A9DA800F386BB /* PutProfileRequest.swift */,
				ACBD8E232E7A9DB600F386BB /* GetProfileRequest.swift */,
				ACBD8E172E7A66FF00F386BB /* PutNftOrdersRequest.swift */,
				ACBD8E152E7A666A00F386BB /* GetNftOrdersRequest.swift */,
				AC14A9212E74305D003B7FB1 /* NftCollectionsRequest.swift */,
				AC14A91F2E743037003B7FB1 /* NftCollectionRequest.swift */,
				ABC5E1B12C31FBD4002B4068 /* ExampleRequest.swift */,
				ABC5E1AD2C31FB7F002B4068 /* NftByIdRequest.swift */,
				ABC5E1AF2C31FB90002B4068 /* RequestConstants.swift */,
			);
			path = Requests;
			sourceTree = "<group>";
		};
		ABC5E1B32C31FC03002B4068 /* UI */ = {
			isa = PBXGroup;
			children = (
				4084619F2E7484BD002E3187 /* Statistics */,
				ACA258BC2E6EBB980089C3A7 /* UI Components */,
				ACA256F52E6EB4F00089C3A7 /* Catalog */,
				ABC5E16D2C31F5AF002B4068 /* ContentView.swift */,
				ABC5E1B42C31FC57002B4068 /* TabBarView.swift */,
				ABC5E1E72C320610002B4068 /* NftDetailBridgeView.swift */,
				ABC5E1C82C3203E9002B4068 /* NftDetails */,
			);
			path = UI;
			sourceTree = "<group>";
		};
		ABC5E1C82C3203E9002B4068 /* NftDetails */ = {
			isa = PBXGroup;
			children = (
				ABC5E1D92C3204C7002B4068 /* Common */,
				ABC5E1C92C3203F2002B4068 /* Cell */,
				ABC5E1CE2C32041D002B4068 /* NftDetailViewController.swift */,
				ABC5E1D02C32042C002B4068 /* NftDetailPresenter.swift */,
				ABC5E1D22C320438002B4068 /* NftDetailAssembly.swift */,
				ABC5E1D42C320446002B4068 /* NftDetailInput.swift */,
			);
			path = NftDetails;
			sourceTree = "<group>";
		};
		ABC5E1C92C3203F2002B4068 /* Cell */ = {
			isa = PBXGroup;
			children = (
				ABC5E1CA2C3203FC002B4068 /* NftDetailCellModel.swift */,
				ABC5E1CC2C32040C002B4068 /* NftImageCollectionViewCell.swift */,
			);
			path = Cell;
			sourceTree = "<group>";
		};
		ABC5E1D92C3204C7002B4068 /* Common */ = {
			isa = PBXGroup;
			children = (
				ABC5E1DA2C3204CE002B4068 /* UIView+Constraints.swift */,
				ABC5E1DC2C3204DC002B4068 /* CellsReusingUtils.swift */,
				ABC5E1DE2C3204FB002B4068 /* LoadingView.swift */,
				ABC5E1E32C32055B002B4068 /* ErrorView.swift */,
				ABC5E1E52C320585002B4068 /* LinePageControl.swift */,
			);
			path = Common;
			sourceTree = "<group>";
		};
		AC430A542E794F88004210F9 /* Models */ = {
			isa = PBXGroup;
			children = (
				AC430A552E794FB1004210F9 /* NftCollectionsSortType.swift */,
			);
			path = Models;
			sourceTree = "<group>";
		};
		AC6CAE532E77CBCC007CFD8D /* Views */ = {
			isa = PBXGroup;
			children = (
				AC95CAD72E74094A00C00663 /* NftCollectionView.swift */,
			);
			path = Views;
			sourceTree = "<group>";
		};
		AC6CAE5B2E77E36D007CFD8D /* Nft */ = {
			isa = PBXGroup;
			children = (
				AC6CAE592E77DFB1007CFD8D /* StarRatingView.swift */,
				AC6CAE5C2E77E3BB007CFD8D /* NftCardView.swift */,
				AC6CAE5E2E77F73E007CFD8D /* NftGridView.swift */,
			);
			path = Nft;
			sourceTree = "<group>";
		};
		AC6CAE602E77FA56007CFD8D /* Mocks */ = {
			isa = PBXGroup;
			children = (
				AC6CAE612E77FA68007CFD8D /* Nft+Mock.swift */,
			);
			path = Mocks;
			sourceTree = "<group>";
		};
		AC6CAE652E780787007CFD8D /* ViewModels */ = {
			isa = PBXGroup;
			children = (
				AC6CAE682E78080D007CFD8D /* NftCollectionState.swift */,
				AC6CAE662E7807B1007CFD8D /* NftCollectionViewModel.swift */,
			);
			path = ViewModels;
			sourceTree = "<group>";
		};
		AC6CAE6E2E78309D007CFD8D /* WebView */ = {
			isa = PBXGroup;
			children = (
				AC6CAE6F2E7830B7007CFD8D /* WebView.swift */,
				AC6CAE712E783EFB007CFD8D /* WebViewBridge.swift */,
			);
			path = WebView;
			sourceTree = "<group>";
		};
		ACA256F52E6EB4F00089C3A7 /* Catalog */ = {
			isa = PBXGroup;
			children = (
				ACCD4AEE2E77BAE600503C69 /* NftCatalog */,
				ACCD4AFA2E77C81600503C69 /* NftCollection */,
			);
			path = Catalog;
			sourceTree = "<group>";
		};
		ACA258B62E6EB57E0089C3A7 /* ViewModels */ = {
			isa = PBXGroup;
			children = (
				ACCD4AF62E77BF6100503C69 /* NftCatalogState.swift */,
				ACCD4AF82E77C30800503C69 /* NftCatalogState+isFailed.swift */,
				ACCD4AF42E77BDD900503C69 /* NftCatalogViewModel.swift */,
			);
			path = ViewModels;
			sourceTree = "<group>";
		};
		ACA258BC2E6EBB980089C3A7 /* UI Components */ = {
			isa = PBXGroup;
			children = (
				AC6CAE6E2E78309D007CFD8D /* WebView */,
				AC6CAE5B2E77E36D007CFD8D /* Nft */,
				ACA258BD2E6EBC070089C3A7 /* SortButton.swift */,
				AC6CAE6C2E7811BD007CFD8D /* ErrorSideView.swift */,
				ACCB4EA42E73D943008A46BE /* CustomProgressView.swift */,
				AC14A9282E7548FE003B7FB1 /* SkeletonView.swift */,
				AC6CAE632E780497007CFD8D /* BackButton.swift */,
			);
			path = "UI Components";
			sourceTree = "<group>";
		};
		ACCB522E2E73E5F6008A46BE /* Resources */ = {
			isa = PBXGroup;
			children = (
				ABC5E16F2C31F5AF002B4068 /* Assets.xcassets */,
				AC006C372E73E6CA00480194 /* Info.plist */,
				ACCB4EA62E73DB6D008A46BE /* Localizable.xcstrings */,
			);
			path = Resources;
			sourceTree = "<group>";
		};
		ACCD4AEE2E77BAE600503C69 /* NftCatalog */ = {
			isa = PBXGroup;
			children = (
				ACCD4AF02E77BAFA00503C69 /* Views */,
				ACA258B62E6EB57E0089C3A7 /* ViewModels */,
				ACCD4AF12E77BC6900503C69 /* Mocks */,
				AC430A542E794F88004210F9 /* Models */,
			);
			path = NftCatalog;
			sourceTree = "<group>";
		};
		ACCD4AF02E77BAFA00503C69 /* Views */ = {
			isa = PBXGroup;
			children = (
				ABC5E1B82C31FD51002B4068 /* NftCatalogView.swift */,
				ACA258C02E6EBE950089C3A7 /* NftCatalogRowView.swift */,
			);
			path = Views;
			sourceTree = "<group>";
		};
		ACCD4AF12E77BC6900503C69 /* Mocks */ = {
			isa = PBXGroup;
			children = (
				ACCD4AF22E77BC7C00503C69 /* NftCollection+Mock.swift */,
			);
			path = Mocks;
			sourceTree = "<group>";
		};
		ACCD4AFA2E77C81600503C69 /* NftCollection */ = {
			isa = PBXGroup;
			children = (
				AC6CAE532E77CBCC007CFD8D /* Views */,
				AC6CAE652E780787007CFD8D /* ViewModels */,
				AC6CAE602E77FA56007CFD8D /* Mocks */,
			);
			path = NftCollection;
			sourceTree = "<group>";
		};
/* End PBXGroup section */

/* Begin PBXNativeTarget section */
		ABC5E1672C31F5AF002B4068 /* iOS-FakeNFT-Extended */ = {
			isa = PBXNativeTarget;
			buildConfigurationList = ABC5E18C2C31F5B0002B4068 /* Build configuration list for PBXNativeTarget "iOS-FakeNFT-Extended" */;
			buildPhases = (
				ABC5E1642C31F5AF002B4068 /* Sources */,
				ABC5E1652C31F5AF002B4068 /* Frameworks */,
				ABC5E1662C31F5AF002B4068 /* Resources */,
			);
			buildRules = (
			);
			dependencies = (
			);
			name = "iOS-FakeNFT-Extended";
			packageProductDependencies = (
				ABC5E1D72C3204A9002B4068 /* Kingfisher */,
				ABC5E1E12C320535002B4068 /* ProgressHUD */,
			);
			productName = "iOS-FakeNFT-Extended";
			productReference = ABC5E1682C31F5AF002B4068 /* iOS-FakeNFT-Extended.app */;
			productType = "com.apple.product-type.application";
		};
		ABC5E1772C31F5B0002B4068 /* iOS-FakeNFT-ExtendedTests */ = {
			isa = PBXNativeTarget;
			buildConfigurationList = ABC5E18F2C31F5B0002B4068 /* Build configuration list for PBXNativeTarget "iOS-FakeNFT-ExtendedTests" */;
			buildPhases = (
				ABC5E1742C31F5B0002B4068 /* Sources */,
				ABC5E1752C31F5B0002B4068 /* Frameworks */,
				ABC5E1762C31F5B0002B4068 /* Resources */,
			);
			buildRules = (
			);
			dependencies = (
				ABC5E17A2C31F5B0002B4068 /* PBXTargetDependency */,
			);
			name = "iOS-FakeNFT-ExtendedTests";
			productName = "iOS-FakeNFT-ExtendedTests";
			productReference = ABC5E1782C31F5B0002B4068 /* iOS-FakeNFT-ExtendedTests.xctest */;
			productType = "com.apple.product-type.bundle.unit-test";
		};
		ABC5E1812C31F5B0002B4068 /* iOS-FakeNFT-ExtendedUITests */ = {
			isa = PBXNativeTarget;
			buildConfigurationList = ABC5E1922C31F5B0002B4068 /* Build configuration list for PBXNativeTarget "iOS-FakeNFT-ExtendedUITests" */;
			buildPhases = (
				ABC5E17E2C31F5B0002B4068 /* Sources */,
				ABC5E17F2C31F5B0002B4068 /* Frameworks */,
				ABC5E1802C31F5B0002B4068 /* Resources */,
			);
			buildRules = (
			);
			dependencies = (
				ABC5E1842C31F5B0002B4068 /* PBXTargetDependency */,
			);
			name = "iOS-FakeNFT-ExtendedUITests";
			productName = "iOS-FakeNFT-ExtendedUITests";
			productReference = ABC5E1822C31F5B0002B4068 /* iOS-FakeNFT-ExtendedUITests.xctest */;
			productType = "com.apple.product-type.bundle.ui-testing";
		};
/* End PBXNativeTarget section */

/* Begin PBXProject section */
		ABC5E1602C31F5AF002B4068 /* Project object */ = {
			isa = PBXProject;
			attributes = {
				BuildIndependentTargetsInParallel = 1;
				LastSwiftUpdateCheck = 1530;
				LastUpgradeCheck = 1640;
				TargetAttributes = {
					ABC5E1672C31F5AF002B4068 = {
						CreatedOnToolsVersion = 15.3;
					};
					ABC5E1772C31F5B0002B4068 = {
						CreatedOnToolsVersion = 15.3;
						TestTargetID = ABC5E1672C31F5AF002B4068;
					};
					ABC5E1812C31F5B0002B4068 = {
						CreatedOnToolsVersion = 15.3;
						TestTargetID = ABC5E1672C31F5AF002B4068;
					};
				};
			};
			buildConfigurationList = ABC5E1632C31F5AF002B4068 /* Build configuration list for PBXProject "iOS-FakeNFT-Extended" */;
			compatibilityVersion = "Xcode 14.0";
			developmentRegion = en;
			hasScannedForEncodings = 0;
			knownRegions = (
				en,
				Base,
				ru,
			);
			mainGroup = ABC5E15F2C31F5AF002B4068;
			packageReferences = (
				ABC5E1D62C3204A9002B4068 /* XCRemoteSwiftPackageReference "Kingfisher" */,
				ABC5E1E02C320535002B4068 /* XCRemoteSwiftPackageReference "ProgressHUD" */,
			);
			productRefGroup = ABC5E1692C31F5AF002B4068 /* Products */;
			projectDirPath = "";
			projectRoot = "";
			targets = (
				ABC5E1672C31F5AF002B4068 /* iOS-FakeNFT-Extended */,
				ABC5E1772C31F5B0002B4068 /* iOS-FakeNFT-ExtendedTests */,
				ABC5E1812C31F5B0002B4068 /* iOS-FakeNFT-ExtendedUITests */,
			);
		};
/* End PBXProject section */

/* Begin PBXResourcesBuildPhase section */
		ABC5E1662C31F5AF002B4068 /* Resources */ = {
			isa = PBXResourcesBuildPhase;
			buildActionMask = 2147483647;
			files = (
				ABC5E1732C31F5AF002B4068 /* Preview Assets.xcassets in Resources */,
				ACCB4EA72E73DB6D008A46BE /* Localizable.xcstrings in Resources */,
				ABC5E1702C31F5AF002B4068 /* Assets.xcassets in Resources */,
			);
			runOnlyForDeploymentPostprocessing = 0;
		};
		ABC5E1762C31F5B0002B4068 /* Resources */ = {
			isa = PBXResourcesBuildPhase;
			buildActionMask = 2147483647;
			files = (
			);
			runOnlyForDeploymentPostprocessing = 0;
		};
		ABC5E1802C31F5B0002B4068 /* Resources */ = {
			isa = PBXResourcesBuildPhase;
			buildActionMask = 2147483647;
			files = (
			);
			runOnlyForDeploymentPostprocessing = 0;
		};
/* End PBXResourcesBuildPhase section */

/* Begin PBXSourcesBuildPhase section */
		ABC5E1642C31F5AF002B4068 /* Sources */ = {
			isa = PBXSourcesBuildPhase;
			buildActionMask = 2147483647;
			files = (
				AC6CAE5D2E77E3BB007CFD8D /* NftCardView.swift in Sources */,
				ABC5E1992C31F666002B4068 /* Fonts.swift in Sources */,
				ABC5E1CF2C32041D002B4068 /* NftDetailViewController.swift in Sources */,
				ABC5E1B72C31FC70002B4068 /* ServicesAssembly.swift in Sources */,
				AC6CAE642E780497007CFD8D /* BackButton.swift in Sources */,
				ABC5E19D2C31F6A6002B4068 /* NftStorage.swift in Sources */,
				AC6CAE5F2E77F73E007CFD8D /* NftGridView.swift in Sources */,
				ABC5E1E82C320610002B4068 /* NftDetailBridgeView.swift in Sources */,
				ACA258C12E6EBE950089C3A7 /* NftCatalogRowView.swift in Sources */,
				AC430A562E794FB7004210F9 /* NftCollectionsSortType.swift in Sources */,
				ACBD8E222E7A9DB100F386BB /* PutProfileRequest.swift in Sources */,
				ACBD8E1E2E7A6C8C00F386BB /* Nft+Ext.swift in Sources */,
				ACBD8E242E7A9DBB00F386BB /* GetProfileRequest.swift in Sources */,
				ABC5E1E62C320585002B4068 /* LinePageControl.swift in Sources */,
				ABC5E1DD2C3204DC002B4068 /* CellsReusingUtils.swift in Sources */,
				ABC5E1B52C31FC57002B4068 /* TabBarView.swift in Sources */,
				ACBD8E182E7A670400F386BB /* PutNftOrdersRequest.swift in Sources */,
				ABC5E1E42C32055B002B4068 /* ErrorView.swift in Sources */,
				AC6CAE672E7807BC007CFD8D /* NftCollectionViewModel.swift in Sources */,
				AC14A9222E743069003B7FB1 /* NftCollectionsRequest.swift in Sources */,
				ACA258BE2E6EBC070089C3A7 /* SortButton.swift in Sources */,
				ABC5E1A62C31F815002B4068 /* NetworkRequest.swift in Sources */,
				AC14A9252E743090003B7FB1 /* NftCollectionsService.swift in Sources */,
				ABC5E1D52C320446002B4068 /* NftDetailInput.swift in Sources */,
				ABC5E16E2C31F5AF002B4068 /* ContentView.swift in Sources */,
				ACCD4AEB2E77BA0500503C69 /* NftCollectionsProtocol.swift in Sources */,
				ABC5E1B92C31FD51002B4068 /* NftCatalogView.swift in Sources */,
				ACCD4AED2E77BA4A00503C69 /* NftCollectionsServiceProtocol.swift in Sources */,
				ABC5E1DF2C3204FB002B4068 /* LoadingView.swift in Sources */,
				ABC5E1972C31F656002B4068 /* Colors.swift in Sources */,
				AC6CAE5A2E77DFB1007CFD8D /* StarRatingView.swift in Sources */,
				AC6CAE622E77FA6D007CFD8D /* Nft+Mock.swift in Sources */,
				ABC5E1A42C31F800002B4068 /* NetworkClient.swift in Sources */,
				AC6CAE722E783EFB007CFD8D /* WebViewBridge.swift in Sources */,
				AC14A9272E7430D5003B7FB1 /* NftCollectionsStorage.swift in Sources */,
				ABC5E1D32C320438002B4068 /* NftDetailAssembly.swift in Sources */,
				AC6CAE6D2E7811BD007CFD8D /* ErrorSideView.swift in Sources */,
				ABC5E1A12C31F6D7002B4068 /* Nft.swift in Sources */,
				ACBD8E202E7A8EE000F386BB /* Order.swift in Sources */,
				ACBD8E162E7A668500F386BB /* GetNftOrdersRequest.swift in Sources */,
				ABC5E1AE2C31FB7F002B4068 /* NftByIdRequest.swift in Sources */,
				ABC5E1DB2C3204CE002B4068 /* UIView+Constraints.swift in Sources */,
				AC14A9292E7548FE003B7FB1 /* SkeletonView.swift in Sources */,
				ACA258BB2E6EB7A00089C3A7 /* NftCollection.swift in Sources */,
				ACBD8E262E7A9E4E00F386BB /* ProfileService.swift in Sources */,
				ACCB4EA52E73D943008A46BE /* CustomProgressView.swift in Sources */,
				ABC5E16C2C31F5AF002B4068 /* iOS_FakeNFT_ExtendedApp.swift in Sources */,
				ACCB4E9E2E73D44F008A46BE /* Images.swift in Sources */,
				ABC5E1CB2C3203FC002B4068 /* NftDetailCellModel.swift in Sources */,
				ACBD8E1C2E7A67F800F386BB /* NftPrdersServiceProtocol.swift in Sources */,
				ACCD4AF52E77BDD900503C69 /* NftCatalogViewModel.swift in Sources */,
				ABC5E1AB2C31FACD002B4068 /* NftService.swift in Sources */,
				AC6CAE542E77CC04007CFD8D /* NftCollectionView.swift in Sources */,
				ABC5E1B22C31FBD4002B4068 /* ExampleRequest.swift in Sources */,
				ACCD4AF32E77BC8A00503C69 /* NftCollection+Mock.swift in Sources */,
				ABC5E1CD2C32040C002B4068 /* NftImageCollectionViewCell.swift in Sources */,
				ABC5E1A82C31FA90002B4068 /* DateFormatters+Presets.swift in Sources */,
				ABC5E1D12C32042C002B4068 /* NftDetailPresenter.swift in Sources */,
				ACBD8E2A2E7A9E8E00F386BB /* Profile.swift in Sources */,
				ACCD4AF72E77BF6900503C69 /* NftCatalogState.swift in Sources */,
				AC6CAE692E780815007CFD8D /* NftCollectionState.swift in Sources */,
				ACBD8E1A2E7A67AA00F386BB /* NftOrdersService.swift in Sources */,
				ACBD8E282E7A9E6A00F386BB /* ProfileServiceProtocol.swift in Sources */,
				ACCD4AF92E77C32D00503C69 /* NftCatalogState+isFailed.swift in Sources */,
				AC6CAE702E7830B7007CFD8D /* WebView.swift in Sources */,
				ABC5E1B02C31FB90002B4068 /* RequestConstants.swift in Sources */,
				AC14A9202E74303F003B7FB1 /* NftCollectionRequest.swift in Sources */,
			);
			runOnlyForDeploymentPostprocessing = 0;
		};
		ABC5E1742C31F5B0002B4068 /* Sources */ = {
			isa = PBXSourcesBuildPhase;
			buildActionMask = 2147483647;
			files = (
				ABC5E17D2C31F5B0002B4068 /* iOS_FakeNFT_ExtendedTests.swift in Sources */,
			);
			runOnlyForDeploymentPostprocessing = 0;
		};
		ABC5E17E2C31F5B0002B4068 /* Sources */ = {
			isa = PBXSourcesBuildPhase;
			buildActionMask = 2147483647;
			files = (
				ABC5E1872C31F5B0002B4068 /* iOS_FakeNFT_ExtendedUITests.swift in Sources */,
			);
			runOnlyForDeploymentPostprocessing = 0;
		};
/* End PBXSourcesBuildPhase section */

/* Begin PBXTargetDependency section */
		ABC5E17A2C31F5B0002B4068 /* PBXTargetDependency */ = {
			isa = PBXTargetDependency;
			target = ABC5E1672C31F5AF002B4068 /* iOS-FakeNFT-Extended */;
			targetProxy = ABC5E1792C31F5B0002B4068 /* PBXContainerItemProxy */;
		};
		ABC5E1842C31F5B0002B4068 /* PBXTargetDependency */ = {
			isa = PBXTargetDependency;
			target = ABC5E1672C31F5AF002B4068 /* iOS-FakeNFT-Extended */;
			targetProxy = ABC5E1832C31F5B0002B4068 /* PBXContainerItemProxy */;
		};
/* End PBXTargetDependency section */

/* Begin XCBuildConfiguration section */
		ABC5E18A2C31F5B0002B4068 /* Debug */ = {
			isa = XCBuildConfiguration;
			buildSettings = {
				ALWAYS_SEARCH_USER_PATHS = NO;
				ASSETCATALOG_COMPILER_GENERATE_SWIFT_ASSET_SYMBOL_EXTENSIONS = YES;
				CLANG_ANALYZER_NONNULL = YES;
				CLANG_ANALYZER_NUMBER_OBJECT_CONVERSION = YES_AGGRESSIVE;
				CLANG_CXX_LANGUAGE_STANDARD = "gnu++20";
				CLANG_ENABLE_MODULES = YES;
				CLANG_ENABLE_OBJC_ARC = YES;
				CLANG_ENABLE_OBJC_WEAK = YES;
				CLANG_WARN_BLOCK_CAPTURE_AUTORELEASING = YES;
				CLANG_WARN_BOOL_CONVERSION = YES;
				CLANG_WARN_COMMA = YES;
				CLANG_WARN_CONSTANT_CONVERSION = YES;
				CLANG_WARN_DEPRECATED_OBJC_IMPLEMENTATIONS = YES;
				CLANG_WARN_DIRECT_OBJC_ISA_USAGE = YES_ERROR;
				CLANG_WARN_DOCUMENTATION_COMMENTS = YES;
				CLANG_WARN_EMPTY_BODY = YES;
				CLANG_WARN_ENUM_CONVERSION = YES;
				CLANG_WARN_INFINITE_RECURSION = YES;
				CLANG_WARN_INT_CONVERSION = YES;
				CLANG_WARN_NON_LITERAL_NULL_CONVERSION = YES;
				CLANG_WARN_OBJC_IMPLICIT_RETAIN_SELF = YES;
				CLANG_WARN_OBJC_LITERAL_CONVERSION = YES;
				CLANG_WARN_OBJC_ROOT_CLASS = YES_ERROR;
				CLANG_WARN_QUOTED_INCLUDE_IN_FRAMEWORK_HEADER = YES;
				CLANG_WARN_RANGE_LOOP_ANALYSIS = YES;
				CLANG_WARN_STRICT_PROTOTYPES = YES;
				CLANG_WARN_SUSPICIOUS_MOVE = YES;
				CLANG_WARN_UNGUARDED_AVAILABILITY = YES_AGGRESSIVE;
				CLANG_WARN_UNREACHABLE_CODE = YES;
				CLANG_WARN__DUPLICATE_METHOD_MATCH = YES;
				COPY_PHASE_STRIP = NO;
				DEBUG_INFORMATION_FORMAT = dwarf;
				ENABLE_STRICT_OBJC_MSGSEND = YES;
				ENABLE_TESTABILITY = YES;
				ENABLE_USER_SCRIPT_SANDBOXING = YES;
				GCC_C_LANGUAGE_STANDARD = gnu17;
				GCC_DYNAMIC_NO_PIC = NO;
				GCC_NO_COMMON_BLOCKS = YES;
				GCC_OPTIMIZATION_LEVEL = 0;
				GCC_PREPROCESSOR_DEFINITIONS = (
					"DEBUG=1",
					"$(inherited)",
				);
				GCC_WARN_64_TO_32_BIT_CONVERSION = YES;
				GCC_WARN_ABOUT_RETURN_TYPE = YES_ERROR;
				GCC_WARN_UNDECLARED_SELECTOR = YES;
				GCC_WARN_UNINITIALIZED_AUTOS = YES_AGGRESSIVE;
				GCC_WARN_UNUSED_FUNCTION = YES;
				GCC_WARN_UNUSED_VARIABLE = YES;
				IPHONEOS_DEPLOYMENT_TARGET = 17.0;
				LOCALIZATION_PREFERS_STRING_CATALOGS = YES;
				MTL_ENABLE_DEBUG_INFO = INCLUDE_SOURCE;
				MTL_FAST_MATH = YES;
				ONLY_ACTIVE_ARCH = YES;
				SDKROOT = iphoneos;
				SWIFT_ACTIVE_COMPILATION_CONDITIONS = "DEBUG $(inherited)";
				SWIFT_EMIT_LOC_STRINGS = YES;
				SWIFT_OPTIMIZATION_LEVEL = "-Onone";
			};
			name = Debug;
		};
		ABC5E18B2C31F5B0002B4068 /* Release */ = {
			isa = XCBuildConfiguration;
			buildSettings = {
				ALWAYS_SEARCH_USER_PATHS = NO;
				ASSETCATALOG_COMPILER_GENERATE_SWIFT_ASSET_SYMBOL_EXTENSIONS = YES;
				CLANG_ANALYZER_NONNULL = YES;
				CLANG_ANALYZER_NUMBER_OBJECT_CONVERSION = YES_AGGRESSIVE;
				CLANG_CXX_LANGUAGE_STANDARD = "gnu++20";
				CLANG_ENABLE_MODULES = YES;
				CLANG_ENABLE_OBJC_ARC = YES;
				CLANG_ENABLE_OBJC_WEAK = YES;
				CLANG_WARN_BLOCK_CAPTURE_AUTORELEASING = YES;
				CLANG_WARN_BOOL_CONVERSION = YES;
				CLANG_WARN_COMMA = YES;
				CLANG_WARN_CONSTANT_CONVERSION = YES;
				CLANG_WARN_DEPRECATED_OBJC_IMPLEMENTATIONS = YES;
				CLANG_WARN_DIRECT_OBJC_ISA_USAGE = YES_ERROR;
				CLANG_WARN_DOCUMENTATION_COMMENTS = YES;
				CLANG_WARN_EMPTY_BODY = YES;
				CLANG_WARN_ENUM_CONVERSION = YES;
				CLANG_WARN_INFINITE_RECURSION = YES;
				CLANG_WARN_INT_CONVERSION = YES;
				CLANG_WARN_NON_LITERAL_NULL_CONVERSION = YES;
				CLANG_WARN_OBJC_IMPLICIT_RETAIN_SELF = YES;
				CLANG_WARN_OBJC_LITERAL_CONVERSION = YES;
				CLANG_WARN_OBJC_ROOT_CLASS = YES_ERROR;
				CLANG_WARN_QUOTED_INCLUDE_IN_FRAMEWORK_HEADER = YES;
				CLANG_WARN_RANGE_LOOP_ANALYSIS = YES;
				CLANG_WARN_STRICT_PROTOTYPES = YES;
				CLANG_WARN_SUSPICIOUS_MOVE = YES;
				CLANG_WARN_UNGUARDED_AVAILABILITY = YES_AGGRESSIVE;
				CLANG_WARN_UNREACHABLE_CODE = YES;
				CLANG_WARN__DUPLICATE_METHOD_MATCH = YES;
				COPY_PHASE_STRIP = NO;
				DEBUG_INFORMATION_FORMAT = "dwarf-with-dsym";
				ENABLE_NS_ASSERTIONS = NO;
				ENABLE_STRICT_OBJC_MSGSEND = YES;
				ENABLE_USER_SCRIPT_SANDBOXING = YES;
				GCC_C_LANGUAGE_STANDARD = gnu17;
				GCC_NO_COMMON_BLOCKS = YES;
				GCC_WARN_64_TO_32_BIT_CONVERSION = YES;
				GCC_WARN_ABOUT_RETURN_TYPE = YES_ERROR;
				GCC_WARN_UNDECLARED_SELECTOR = YES;
				GCC_WARN_UNINITIALIZED_AUTOS = YES_AGGRESSIVE;
				GCC_WARN_UNUSED_FUNCTION = YES;
				GCC_WARN_UNUSED_VARIABLE = YES;
				IPHONEOS_DEPLOYMENT_TARGET = 17.0;
				LOCALIZATION_PREFERS_STRING_CATALOGS = YES;
				MTL_ENABLE_DEBUG_INFO = NO;
				MTL_FAST_MATH = YES;
				SDKROOT = iphoneos;
				SWIFT_COMPILATION_MODE = wholemodule;
				SWIFT_EMIT_LOC_STRINGS = YES;
				VALIDATE_PRODUCT = YES;
			};
			name = Release;
		};
		ABC5E18D2C31F5B0002B4068 /* Debug */ = {
			isa = XCBuildConfiguration;
			buildSettings = {
				ASSETCATALOG_COMPILER_APPICON_NAME = AppIcon;
				ASSETCATALOG_COMPILER_GLOBAL_ACCENT_COLOR_NAME = AccentColor;
				CODE_SIGN_STYLE = Automatic;
				CURRENT_PROJECT_VERSION = 1;
				DEVELOPMENT_ASSET_PATHS = "\"iOS-FakeNFT-Extended/Preview Content\"";
				DEVELOPMENT_TEAM = 7Z457JRAZT;
				ENABLE_PREVIEWS = YES;
				GENERATE_INFOPLIST_FILE = YES;
				INFOPLIST_FILE = "iOS-FakeNFT-Extended/Resources/Info.plist";
				INFOPLIST_KEY_UIApplicationSceneManifest_Generation = YES;
				INFOPLIST_KEY_UIApplicationSupportsIndirectInputEvents = YES;
				INFOPLIST_KEY_UISupportedInterfaceOrientations = UIInterfaceOrientationPortrait;
				INFOPLIST_KEY_UISupportedInterfaceOrientations_iPad = "UIInterfaceOrientationLandscapeLeft UIInterfaceOrientationLandscapeRight UIInterfaceOrientationPortrait UIInterfaceOrientationPortraitUpsideDown";
				IPHONEOS_DEPLOYMENT_TARGET = 17.0;
				LD_RUNPATH_SEARCH_PATHS = (
					"$(inherited)",
					"@executable_path/Frameworks",
				);
				MARKETING_VERSION = 1.0;
				PRODUCT_BUNDLE_IDENTIFIER = "com.Yandex-Practicum.iOS-FakeNFT-Extended";
				PRODUCT_NAME = "$(TARGET_NAME)";
				SUPPORTED_PLATFORMS = "iphoneos iphonesimulator";
				SUPPORTS_MACCATALYST = NO;
				SUPPORTS_MAC_DESIGNED_FOR_IPHONE_IPAD = NO;
				SUPPORTS_XR_DESIGNED_FOR_IPHONE_IPAD = NO;
				SWIFT_EMIT_LOC_STRINGS = YES;
				SWIFT_VERSION = 5.0;
				TARGETED_DEVICE_FAMILY = 1;
			};
			name = Debug;
		};
		ABC5E18E2C31F5B0002B4068 /* Release */ = {
			isa = XCBuildConfiguration;
			buildSettings = {
				ASSETCATALOG_COMPILER_APPICON_NAME = AppIcon;
				ASSETCATALOG_COMPILER_GLOBAL_ACCENT_COLOR_NAME = AccentColor;
				CODE_SIGN_STYLE = Automatic;
				CURRENT_PROJECT_VERSION = 1;
				DEVELOPMENT_ASSET_PATHS = "\"iOS-FakeNFT-Extended/Preview Content\"";
				DEVELOPMENT_TEAM = 7Z457JRAZT;
				ENABLE_PREVIEWS = YES;
				GENERATE_INFOPLIST_FILE = YES;
				INFOPLIST_FILE = "iOS-FakeNFT-Extended/Resources/Info.plist";
				INFOPLIST_KEY_UIApplicationSceneManifest_Generation = YES;
				INFOPLIST_KEY_UIApplicationSupportsIndirectInputEvents = YES;
				INFOPLIST_KEY_UISupportedInterfaceOrientations = UIInterfaceOrientationPortrait;
				INFOPLIST_KEY_UISupportedInterfaceOrientations_iPad = "UIInterfaceOrientationLandscapeLeft UIInterfaceOrientationLandscapeRight UIInterfaceOrientationPortrait UIInterfaceOrientationPortraitUpsideDown";
				IPHONEOS_DEPLOYMENT_TARGET = 17.0;
				LD_RUNPATH_SEARCH_PATHS = (
					"$(inherited)",
					"@executable_path/Frameworks",
				);
				MARKETING_VERSION = 1.0;
				PRODUCT_BUNDLE_IDENTIFIER = "com.Yandex-Practicum.iOS-FakeNFT-Extended";
				PRODUCT_NAME = "$(TARGET_NAME)";
				SUPPORTED_PLATFORMS = "iphoneos iphonesimulator";
				SUPPORTS_MACCATALYST = NO;
				SUPPORTS_MAC_DESIGNED_FOR_IPHONE_IPAD = NO;
				SUPPORTS_XR_DESIGNED_FOR_IPHONE_IPAD = NO;
				SWIFT_EMIT_LOC_STRINGS = YES;
				SWIFT_VERSION = 5.0;
				TARGETED_DEVICE_FAMILY = 1;
			};
			name = Release;
		};
		ABC5E1902C31F5B0002B4068 /* Debug */ = {
			isa = XCBuildConfiguration;
			buildSettings = {
				BUNDLE_LOADER = "$(TEST_HOST)";
				CODE_SIGN_STYLE = Automatic;
				CURRENT_PROJECT_VERSION = 1;
				GENERATE_INFOPLIST_FILE = YES;
				IPHONEOS_DEPLOYMENT_TARGET = 17.0;
				MARKETING_VERSION = 1.0;
				PRODUCT_BUNDLE_IDENTIFIER = "Yandex-Practicum.iOS-FakeNFT-ExtendedTests";
				PRODUCT_NAME = "$(TARGET_NAME)";
				SUPPORTED_PLATFORMS = "iphoneos iphonesimulator";
				SUPPORTS_MACCATALYST = NO;
				SUPPORTS_MAC_DESIGNED_FOR_IPHONE_IPAD = NO;
				SUPPORTS_XR_DESIGNED_FOR_IPHONE_IPAD = NO;
				SWIFT_EMIT_LOC_STRINGS = NO;
				SWIFT_VERSION = 5.0;
				TARGETED_DEVICE_FAMILY = 1;
				TEST_HOST = "$(BUILT_PRODUCTS_DIR)/iOS-FakeNFT-Extended.app/$(BUNDLE_EXECUTABLE_FOLDER_PATH)/iOS-FakeNFT-Extended";
			};
			name = Debug;
		};
		ABC5E1912C31F5B0002B4068 /* Release */ = {
			isa = XCBuildConfiguration;
			buildSettings = {
				BUNDLE_LOADER = "$(TEST_HOST)";
				CODE_SIGN_STYLE = Automatic;
				CURRENT_PROJECT_VERSION = 1;
				GENERATE_INFOPLIST_FILE = YES;
				IPHONEOS_DEPLOYMENT_TARGET = 17.0;
				MARKETING_VERSION = 1.0;
				PRODUCT_BUNDLE_IDENTIFIER = "Yandex-Practicum.iOS-FakeNFT-ExtendedTests";
				PRODUCT_NAME = "$(TARGET_NAME)";
				SUPPORTED_PLATFORMS = "iphoneos iphonesimulator";
				SUPPORTS_MACCATALYST = NO;
				SUPPORTS_MAC_DESIGNED_FOR_IPHONE_IPAD = NO;
				SUPPORTS_XR_DESIGNED_FOR_IPHONE_IPAD = NO;
				SWIFT_EMIT_LOC_STRINGS = NO;
				SWIFT_VERSION = 5.0;
				TARGETED_DEVICE_FAMILY = 1;
				TEST_HOST = "$(BUILT_PRODUCTS_DIR)/iOS-FakeNFT-Extended.app/$(BUNDLE_EXECUTABLE_FOLDER_PATH)/iOS-FakeNFT-Extended";
			};
			name = Release;
		};
		ABC5E1932C31F5B0002B4068 /* Debug */ = {
			isa = XCBuildConfiguration;
			buildSettings = {
				CODE_SIGN_STYLE = Automatic;
				CURRENT_PROJECT_VERSION = 1;
				GENERATE_INFOPLIST_FILE = YES;
				IPHONEOS_DEPLOYMENT_TARGET = 17.0;
				MARKETING_VERSION = 1.0;
				PRODUCT_BUNDLE_IDENTIFIER = "Yandex-Practicum.iOS-FakeNFT-ExtendedUITests";
				PRODUCT_NAME = "$(TARGET_NAME)";
				SUPPORTED_PLATFORMS = "iphoneos iphonesimulator";
				SUPPORTS_MACCATALYST = NO;
				SUPPORTS_MAC_DESIGNED_FOR_IPHONE_IPAD = NO;
				SUPPORTS_XR_DESIGNED_FOR_IPHONE_IPAD = NO;
				SWIFT_EMIT_LOC_STRINGS = NO;
				SWIFT_VERSION = 5.0;
				TARGETED_DEVICE_FAMILY = 1;
				TEST_TARGET_NAME = "iOS-FakeNFT-Extended";
			};
			name = Debug;
		};
		ABC5E1942C31F5B0002B4068 /* Release */ = {
			isa = XCBuildConfiguration;
			buildSettings = {
				CODE_SIGN_STYLE = Automatic;
				CURRENT_PROJECT_VERSION = 1;
				GENERATE_INFOPLIST_FILE = YES;
				IPHONEOS_DEPLOYMENT_TARGET = 17.0;
				MARKETING_VERSION = 1.0;
				PRODUCT_BUNDLE_IDENTIFIER = "Yandex-Practicum.iOS-FakeNFT-ExtendedUITests";
				PRODUCT_NAME = "$(TARGET_NAME)";
				SUPPORTED_PLATFORMS = "iphoneos iphonesimulator";
				SUPPORTS_MACCATALYST = NO;
				SUPPORTS_MAC_DESIGNED_FOR_IPHONE_IPAD = NO;
				SUPPORTS_XR_DESIGNED_FOR_IPHONE_IPAD = NO;
				SWIFT_EMIT_LOC_STRINGS = NO;
				SWIFT_VERSION = 5.0;
				TARGETED_DEVICE_FAMILY = 1;
				TEST_TARGET_NAME = "iOS-FakeNFT-Extended";
			};
			name = Release;
		};
/* End XCBuildConfiguration section */

/* Begin XCConfigurationList section */
		ABC5E1632C31F5AF002B4068 /* Build configuration list for PBXProject "iOS-FakeNFT-Extended" */ = {
			isa = XCConfigurationList;
			buildConfigurations = (
				ABC5E18A2C31F5B0002B4068 /* Debug */,
				ABC5E18B2C31F5B0002B4068 /* Release */,
			);
			defaultConfigurationIsVisible = 0;
			defaultConfigurationName = Release;
		};
		ABC5E18C2C31F5B0002B4068 /* Build configuration list for PBXNativeTarget "iOS-FakeNFT-Extended" */ = {
			isa = XCConfigurationList;
			buildConfigurations = (
				ABC5E18D2C31F5B0002B4068 /* Debug */,
				ABC5E18E2C31F5B0002B4068 /* Release */,
			);
			defaultConfigurationIsVisible = 0;
			defaultConfigurationName = Release;
		};
		ABC5E18F2C31F5B0002B4068 /* Build configuration list for PBXNativeTarget "iOS-FakeNFT-ExtendedTests" */ = {
			isa = XCConfigurationList;
			buildConfigurations = (
				ABC5E1902C31F5B0002B4068 /* Debug */,
				ABC5E1912C31F5B0002B4068 /* Release */,
			);
			defaultConfigurationIsVisible = 0;
			defaultConfigurationName = Release;
		};
		ABC5E1922C31F5B0002B4068 /* Build configuration list for PBXNativeTarget "iOS-FakeNFT-ExtendedUITests" */ = {
			isa = XCConfigurationList;
			buildConfigurations = (
				ABC5E1932C31F5B0002B4068 /* Debug */,
				ABC5E1942C31F5B0002B4068 /* Release */,
			);
			defaultConfigurationIsVisible = 0;
			defaultConfigurationName = Release;
		};
/* End XCConfigurationList section */

/* Begin XCRemoteSwiftPackageReference section */
		ABC5E1D62C3204A9002B4068 /* XCRemoteSwiftPackageReference "Kingfisher" */ = {
			isa = XCRemoteSwiftPackageReference;
			repositoryURL = "https://github.com/onevcat/Kingfisher.git";
			requirement = {
				kind = upToNextMajorVersion;
				minimumVersion = 7.0.0;
			};
		};
		ABC5E1E02C320535002B4068 /* XCRemoteSwiftPackageReference "ProgressHUD" */ = {
			isa = XCRemoteSwiftPackageReference;
			repositoryURL = "https://github.com/relatedcode/ProgressHUD.git";
			requirement = {
				kind = upToNextMajorVersion;
				minimumVersion = 14.0.0;
			};
		};
/* End XCRemoteSwiftPackageReference section */

/* Begin XCSwiftPackageProductDependency section */
		ABC5E1D72C3204A9002B4068 /* Kingfisher */ = {
			isa = XCSwiftPackageProductDependency;
			package = ABC5E1D62C3204A9002B4068 /* XCRemoteSwiftPackageReference "Kingfisher" */;
			productName = Kingfisher;
		};
		ABC5E1E12C320535002B4068 /* ProgressHUD */ = {
			isa = XCSwiftPackageProductDependency;
			package = ABC5E1E02C320535002B4068 /* XCRemoteSwiftPackageReference "ProgressHUD" */;
			productName = ProgressHUD;
		};
/* End XCSwiftPackageProductDependency section */
	};
	rootObject = ABC5E1602C31F5AF002B4068 /* Project object */;
}
